// !$*UTF8*$!
{
	archiveVersion = 1;
	classes = {
	};
	objectVersion = 50;
	objects = {

/* Begin PBXBuildFile section */
		B72F751B24C4AD460021926F /* AppDelegate.swift in Sources */ = {isa = PBXBuildFile; fileRef = B72F751A24C4AD460021926F /* AppDelegate.swift */; };
		B72F751D24C4AD460021926F /* SceneDelegate.swift in Sources */ = {isa = PBXBuildFile; fileRef = B72F751C24C4AD460021926F /* SceneDelegate.swift */; };
		B72F751F24C4AD460021926F /* ViewController.swift in Sources */ = {isa = PBXBuildFile; fileRef = B72F751E24C4AD460021926F /* ViewController.swift */; };
		B72F752224C4AD460021926F /* Main.storyboard in Resources */ = {isa = PBXBuildFile; fileRef = B72F752024C4AD460021926F /* Main.storyboard */; };
		B72F752424C4AD490021926F /* Assets.xcassets in Resources */ = {isa = PBXBuildFile; fileRef = B72F752324C4AD490021926F /* Assets.xcassets */; };
		B72F752724C4AD490021926F /* LaunchScreen.storyboard in Resources */ = {isa = PBXBuildFile; fileRef = B72F752524C4AD490021926F /* LaunchScreen.storyboard */; };
		B72F752F24C4B31E0021926F /* ObjServicio.swift in Sources */ = {isa = PBXBuildFile; fileRef = B72F752E24C4B31E0021926F /* ObjServicio.swift */; };
		B72F753324C4B5300021926F /* TableViewCellServicios.swift in Sources */ = {isa = PBXBuildFile; fileRef = B72F753224C4B5300021926F /* TableViewCellServicios.swift */; };
		B72F753524C4B5C20021926F /* ViewControllerListarServicios.swift in Sources */ = {isa = PBXBuildFile; fileRef = B72F753424C4B5C20021926F /* ViewControllerListarServicios.swift */; };
		B72F753724C4B5F70021926F /* ViewControllerRegistroServicios.swift in Sources */ = {isa = PBXBuildFile; fileRef = B72F753624C4B5F70021926F /* ViewControllerRegistroServicios.swift */; };
/* End PBXBuildFile section */

/* Begin PBXFileReference section */
		B72F751724C4AD460021926F /* Examen03_Vivanco.app */ = {isa = PBXFileReference; explicitFileType = wrapper.application; includeInIndex = 0; path = Examen03_Vivanco.app; sourceTree = BUILT_PRODUCTS_DIR; };
		B72F751A24C4AD460021926F /* AppDelegate.swift */ = {isa = PBXFileReference; lastKnownFileType = sourcecode.swift; path = AppDelegate.swift; sourceTree = "<group>"; };
		B72F751C24C4AD460021926F /* SceneDelegate.swift */ = {isa = PBXFileReference; lastKnownFileType = sourcecode.swift; path = SceneDelegate.swift; sourceTree = "<group>"; };
		B72F751E24C4AD460021926F /* ViewController.swift */ = {isa = PBXFileReference; lastKnownFileType = sourcecode.swift; path = ViewController.swift; sourceTree = "<group>"; };
		B72F752124C4AD460021926F /* Base */ = {isa = PBXFileReference; lastKnownFileType = file.storyboard; name = Base; path = Base.lproj/Main.storyboard; sourceTree = "<group>"; };
		B72F752324C4AD490021926F /* Assets.xcassets */ = {isa = PBXFileReference; lastKnownFileType = folder.assetcatalog; path = Assets.xcassets; sourceTree = "<group>"; };
		B72F752624C4AD490021926F /* Base */ = {isa = PBXFileReference; lastKnownFileType = file.storyboard; name = Base; path = Base.lproj/LaunchScreen.storyboard; sourceTree = "<group>"; };
		B72F752824C4AD490021926F /* Info.plist */ = {isa = PBXFileReference; lastKnownFileType = text.plist.xml; path = Info.plist; sourceTree = "<group>"; };
		B72F752E24C4B31E0021926F /* ObjServicio.swift */ = {isa = PBXFileReference; lastKnownFileType = sourcecode.swift; path = ObjServicio.swift; sourceTree = "<group>"; };
		B72F753224C4B5300021926F /* TableViewCellServicios.swift */ = {isa = PBXFileReference; lastKnownFileType = sourcecode.swift; path = TableViewCellServicios.swift; sourceTree = "<group>"; };
		B72F753424C4B5C20021926F /* ViewControllerListarServicios.swift */ = {isa = PBXFileReference; lastKnownFileType = sourcecode.swift; path = ViewControllerListarServicios.swift; sourceTree = "<group>"; };
		B72F753624C4B5F70021926F /* ViewControllerRegistroServicios.swift */ = {isa = PBXFileReference; lastKnownFileType = sourcecode.swift; path = ViewControllerRegistroServicios.swift; sourceTree = "<group>"; };
/* End PBXFileReference section */

/* Begin PBXFrameworksBuildPhase section */
		B72F751424C4AD460021926F /* Frameworks */ = {
			isa = PBXFrameworksBuildPhase;
			buildActionMask = 2147483647;
			files = (
			);
			runOnlyForDeploymentPostprocessing = 0;
		};
/* End PBXFrameworksBuildPhase section */

/* Begin PBXGroup section */
		B72F750E24C4AD460021926F = {
			isa = PBXGroup;
			children = (
				B72F751924C4AD460021926F /* Examen03_Vivanco */,
				B72F751824C4AD460021926F /* Products */,
			);
			sourceTree = "<group>";
		};
		B72F751824C4AD460021926F /* Products */ = {
			isa = PBXGroup;
			children = (
				B72F751724C4AD460021926F /* Examen03_Vivanco.app */,
			);
			name = Products;
			sourceTree = "<group>";
		};
		B72F751924C4AD460021926F /* Examen03_Vivanco */ = {
			isa = PBXGroup;
			children = (
				B72F751A24C4AD460021926F /* AppDelegate.swift */,
				B72F751C24C4AD460021926F /* SceneDelegate.swift */,
				B72F751E24C4AD460021926F /* ViewController.swift */,
				B72F752024C4AD460021926F /* Main.storyboard */,
				B72F752324C4AD490021926F /* Assets.xcassets */,
				B72F752524C4AD490021926F /* LaunchScreen.storyboard */,
				B72F752824C4AD490021926F /* Info.plist */,
				B72F752E24C4B31E0021926F /* ObjServicio.swift */,
				B72F753224C4B5300021926F /* TableViewCellServicios.swift */,
				B72F753424C4B5C20021926F /* ViewControllerListarServicios.swift */,
				B72F753624C4B5F70021926F /* ViewControllerRegistroServicios.swift */,
			);
			path = Examen03_Vivanco;
			sourceTree = "<group>";
		};
/* End PBXGroup section */

/* Begin PBXNativeTarget section */
		B72F751624C4AD460021926F /* Examen03_Vivanco */ = {
			isa = PBXNativeTarget;
			buildConfigurationList = B72F752B24C4AD490021926F /* Build configuration list for PBXNativeTarget "Examen03_Vivanco" */;
			buildPhases = (
				B72F751324C4AD460021926F /* Sources */,
				B72F751424C4AD460021926F /* Frameworks */,
				B72F751524C4AD460021926F /* Resources */,
			);
			buildRules = (
			);
			dependencies = (
			);
			name = Examen03_Vivanco;
			productName = examen3;
			productReference = B72F751724C4AD460021926F /* Examen03_Vivanco.app */;
			productType = "com.apple.product-type.application";
		};
/* End PBXNativeTarget section */

/* Begin PBXProject section */
		B72F750F24C4AD460021926F /* Project object */ = {
			isa = PBXProject;
			attributes = {
				LastSwiftUpdateCheck = 1130;
				LastUpgradeCheck = 1130;
				ORGANIZATIONNAME = DAMII;
				TargetAttributes = {
					B72F751624C4AD460021926F = {
						CreatedOnToolsVersion = 11.3.1;
					};
				};
			};
			buildConfigurationList = B72F751224C4AD460021926F /* Build configuration list for PBXProject "Examen03_Vivanco" */;
			compatibilityVersion = "Xcode 9.3";
			developmentRegion = en;
			hasScannedForEncodings = 0;
			knownRegions = (
				en,
				Base,
			);
			mainGroup = B72F750E24C4AD460021926F;
			productRefGroup = B72F751824C4AD460021926F /* Products */;
			projectDirPath = "";
			projectRoot = "";
			targets = (
				B72F751624C4AD460021926F /* Examen03_Vivanco */,
			);
		};
/* End PBXProject section */

/* Begin PBXResourcesBuildPhase section */
		B72F751524C4AD460021926F /* Resources */ = {
			isa = PBXResourcesBuildPhase;
			buildActionMask = 2147483647;
			files = (
				B72F752724C4AD490021926F /* LaunchScreen.storyboard in Resources */,
				B72F752424C4AD490021926F /* Assets.xcassets in Resources */,
				B72F752224C4AD460021926F /* Main.storyboard in Resources */,
			);
			runOnlyForDeploymentPostprocessing = 0;
		};
/* End PBXResourcesBuildPhase section */

/* Begin PBXSourcesBuildPhase section */
		B72F751324C4AD460021926F /* Sources */ = {
			isa = PBXSourcesBuildPhase;
			buildActionMask = 2147483647;
			files = (
				B72F752F24C4B31E0021926F /* ObjServicio.swift in Sources */,
				B72F751F24C4AD460021926F /* ViewController.swift in Sources */,
				B72F753724C4B5F70021926F /* ViewControllerRegistroServicios.swift in Sources */,
				B72F753324C4B5300021926F /* TableViewCellServicios.swift in Sources */,
				B72F751B24C4AD460021926F /* AppDelegate.swift in Sources */,
				B72F753524C4B5C20021926F /* ViewControllerListarServicios.swift in Sources */,
				B72F751D24C4AD460021926F /* SceneDelegate.swift in Sources */,
			);
			runOnlyForDeploymentPostprocessing = 0;
		};
/* End PBXSourcesBuildPhase section */

/* Begin PBXVariantGroup section */
		B72F752024C4AD460021926F /* Main.storyboard */ = {
			isa = PBXVariantGroup;
			children = (
				B72F752124C4AD460021926F /* Base */,
			);
			name = Main.storyboard;
			sourceTree = "<group>";
		};
		B72F752524C4AD490021926F /* LaunchScreen.storyboard */ = {
			isa = PBXVariantGroup;
			children = (
				B72F752624C4AD490021926F /* Base */,
			);
			name = LaunchScreen.storyboard;
			sourceTree = "<group>";
		};
/* End PBXVariantGroup section */

/* Begin XCBuildConfiguration section */
		B72F752924C4AD490021926F /* Debug */ = {
			isa = XCBuildConfiguration;
			buildSettings = {
				ALWAYS_SEARCH_USER_PATHS = NO;
				CLANG_ANALYZER_NONNULL = YES;
				CLANG_ANALYZER_NUMBER_OBJECT_CONVERSION = YES_AGGRESSIVE;
				CLANG_CXX_LANGUAGE_STANDARD = "gnu++14";
				CLANG_CXX_LIBRARY = "libc++";
				CLANG_ENABLE_MODULES = YES;
				CLANG_ENABLE_OBJC_ARC = YES;
				CLANG_ENABLE_OBJC_WEAK = YES;
				CLANG_WARN_BLOCK_CAPTURE_AUTORELEASING = YES;
				CLANG_WARN_BOOL_CONVERSION = YES;
				CLANG_WARN_COMMA = YES;
				CLANG_WARN_CONSTANT_CONVERSION = YES;
				CLANG_WARN_DEPRECATED_OBJC_IMPLEMENTATIONS = YES;
				CLANG_WARN_DIRECT_OBJC_ISA_USAGE = YES_ERROR;
				CLANG_WARN_DOCUMENTATION_COMMENTS = YES;
				CLANG_WARN_EMPTY_BODY = YES;
				CLANG_WARN_ENUM_CONVERSION = YES;
				CLANG_WARN_INFINITE_RECURSION = YES;
				CLANG_WARN_INT_CONVERSION = YES;
				CLANG_WARN_NON_LITERAL_NULL_CONVERSION = YES;
				CLANG_WARN_OBJC_IMPLICIT_RETAIN_SELF = YES;
				CLANG_WARN_OBJC_LITERAL_CONVERSION = YES;
				CLANG_WARN_OBJC_ROOT_CLASS = YES_ERROR;
				CLANG_WARN_RANGE_LOOP_ANALYSIS = YES;
				CLANG_WARN_STRICT_PROTOTYPES = YES;
				CLANG_WARN_SUSPICIOUS_MOVE = YES;
				CLANG_WARN_UNGUARDED_AVAILABILITY = YES_AGGRESSIVE;
				CLANG_WARN_UNREACHABLE_CODE = YES;
				CLANG_WARN__DUPLICATE_METHOD_MATCH = YES;
				COPY_PHASE_STRIP = NO;
				DEBUG_INFORMATION_FORMAT = dwarf;
				ENABLE_STRICT_OBJC_MSGSEND = YES;
				ENABLE_TESTABILITY = YES;
				GCC_C_LANGUAGE_STANDARD = gnu11;
				GCC_DYNAMIC_NO_PIC = NO;
				GCC_NO_COMMON_BLOCKS = YES;
				GCC_OPTIMIZATION_LEVEL = 0;
				GCC_PREPROCESSOR_DEFINITIONS = (
					"DEBUG=1",
					"$(inherited)",
				);
				GCC_WARN_64_TO_32_BIT_CONVERSION = YES;
				GCC_WARN_ABOUT_RETURN_TYPE = YES_ERROR;
				GCC_WARN_UNDECLARED_SELECTOR = YES;
				GCC_WARN_UNINITIALIZED_AUTOS = YES_AGGRESSIVE;
				GCC_WARN_UNUSED_FUNCTION = YES;
				GCC_WARN_UNUSED_VARIABLE = YES;
				IPHONEOS_DEPLOYMENT_TARGET = 13.2;
				MTL_ENABLE_DEBUG_INFO = INCLUDE_SOURCE;
				MTL_FAST_MATH = YES;
				ONLY_ACTIVE_ARCH = YES;
				SDKROOT = iphoneos;
				SWIFT_ACTIVE_COMPILATION_CONDITIONS = DEBUG;
				SWIFT_OPTIMIZATION_LEVEL = "-Onone";
			};
			name = Debug;
		};
		B72F752A24C4AD490021926F /* Release */ = {
			isa = XCBuildConfiguration;
			buildSettings = {
				ALWAYS_SEARCH_USER_PATHS = NO;
				CLANG_ANALYZER_NONNULL = YES;
				CLANG_ANALYZER_NUMBER_OBJECT_CONVERSION = YES_AGGRESSIVE;
				CLANG_CXX_LANGUAGE_STANDARD = "gnu++14";
				CLANG_CXX_LIBRARY = "libc++";
				CLANG_ENABLE_MODULES = YES;
				CLANG_ENABLE_OBJC_ARC = YES;
				CLANG_ENABLE_OBJC_WEAK = YES;
				CLANG_WARN_BLOCK_CAPTURE_AUTORELEASING = YES;
				CLANG_WARN_BOOL_CONVERSION = YES;
				CLANG_WARN_COMMA = YES;
				CLANG_WARN_CONSTANT_CONVERSION = YES;
				CLANG_WARN_DEPRECATED_OBJC_IMPLEMENTATIONS = YES;
				CLANG_WARN_DIRECT_OBJC_ISA_USAGE = YES_ERROR;
				CLANG_WARN_DOCUMENTATION_COMMENTS = YES;
				CLANG_WARN_EMPTY_BODY = YES;
				CLANG_WARN_ENUM_CONVERSION = YES;
				CLANG_WARN_INFINITE_RECURSION = YES;
				CLANG_WARN_INT_CONVERSION = YES;
				CLANG_WARN_NON_LITERAL_NULL_CONVERSION = YES;
				CLANG_WARN_OBJC_IMPLICIT_RETAIN_SELF = YES;
				CLANG_WARN_OBJC_LITERAL_CONVERSION = YES;
				CLANG_WARN_OBJC_ROOT_CLASS = YES_ERROR;
				CLANG_WARN_RANGE_LOOP_ANALYSIS = YES;
				CLANG_WARN_STRICT_PROTOTYPES = YES;
				CLANG_WARN_SUSPICIOUS_MOVE = YES;
				CLANG_WARN_UNGUARDED_AVAILABILITY = YES_AGGRESSIVE;
				CLANG_WARN_UNREACHABLE_CODE = YES;
				CLANG_WARN__DUPLICATE_METHOD_MATCH = YES;
				COPY_PHASE_STRIP = NO;
				DEBUG_INFORMATION_FORMAT = "dwarf-with-dsym";
				ENABLE_NS_ASSERTIONS = NO;
				ENABLE_STRICT_OBJC_MSGSEND = YES;
				GCC_C_LANGUAGE_STANDARD = gnu11;
				GCC_NO_COMMON_BLOCKS = YES;
				GCC_WARN_64_TO_32_BIT_CONVERSION = YES;
				GCC_WARN_ABOUT_RETURN_TYPE = YES_ERROR;
				GCC_WARN_UNDECLARED_SELECTOR = YES;
				GCC_WARN_UNINITIALIZED_AUTOS = YES_AGGRESSIVE;
				GCC_WARN_UNUSED_FUNCTION = YES;
				GCC_WARN_UNUSED_VARIABLE = YES;
				IPHONEOS_DEPLOYMENT_TARGET = 13.2;
				MTL_ENABLE_DEBUG_INFO = NO;
				MTL_FAST_MATH = YES;
				SDKROOT = iphoneos;
				SWIFT_COMPILATION_MODE = wholemodule;
				SWIFT_OPTIMIZATION_LEVEL = "-O";
				VALIDATE_PRODUCT = YES;
			};
			name = Release;
		};
		B72F752C24C4AD490021926F /* Debug */ = {
			isa = XCBuildConfiguration;
			buildSettings = {
				ASSETCATALOG_COMPILER_APPICON_NAME = AppIcon;
				CODE_SIGN_STYLE = Automatic;
				INFOPLIST_FILE = "$(SRCROOT)/Examen03_Vivanco/Info.plist";
				LD_RUNPATH_SEARCH_PATHS = (
					"$(inherited)",
					"@executable_path/Frameworks",
				);
				PRODUCT_BUNDLE_IDENTIFIER = "cibertec.201510679.Examen03-Vivanco";
				PRODUCT_NAME = "$(TARGET_NAME)";
				SWIFT_VERSION = 5.0;
				TARGETED_DEVICE_FAMILY = "1,2";
			};
			name = Debug;
		};
		B72F752D24C4AD490021926F /* Release */ = {
			isa = XCBuildConfiguration;
			buildSettings = {
				ASSETCATALOG_COMPILER_APPICON_NAME = AppIcon;
				CODE_SIGN_STYLE = Automatic;
				INFOPLIST_FILE = "$(SRCROOT)/Examen03_Vivanco/Info.plist";
				LD_RUNPATH_SEARCH_PATHS = (
					"$(inherited)",
					"@executable_path/Frameworks",
				);
				PRODUCT_BUNDLE_IDENTIFIER = "cibertec.201510679.Examen03-Vivanco";
				PRODUCT_NAME = "$(TARGET_NAME)";
				SWIFT_VERSION = 5.0;
				TARGETED_DEVICE_FAMILY = "1,2";
			};
			name = Release;
		};
/* End XCBuildConfiguration section */

/* Begin XCConfigurationList section */
		B72F751224C4AD460021926F /* Build configuration list for PBXProject "Examen03_Vivanco" */ = {
			isa = XCConfigurationList;
			buildConfigurations = (
				B72F752924C4AD490021926F /* Debug */,
				B72F752A24C4AD490021926F /* Release */,
			);
			defaultConfigurationIsVisible = 0;
			defaultConfigurationName = Release;
		};
		B72F752B24C4AD490021926F /* Build configuration list for PBXNativeTarget "Examen03_Vivanco" */ = {
			isa = XCConfigurationList;
			buildConfigurations = (
				B72F752C24C4AD490021926F /* Debug */,
				B72F752D24C4AD490021926F /* Release */,
			);
			defaultConfigurationIsVisible = 0;
			defaultConfigurationName = Release;
		};
/* End XCConfigurationList section */
	};
	rootObject = B72F750F24C4AD460021926F /* Project object */;
}
